
Microsoft Visual Studio Solution File, Format Version 12.00
# Visual Studio Version 17
VisualStudioVersion = 17.5.002.0
MinimumVisualStudioVersion = 10.0.40219.1
Project("{2150E333-8FDC-42A3-9474-1A3956D46DE8}") = "01-getting-started", "01-getting-started", "{FCE1DEAF-C071-4F5A-8A14-B6092A5DC577}"
EndProject
Project("{2150E333-8FDC-42A3-9474-1A3956D46DE8}") = "C-Sharp", "C-Sharp", "{82466276-844B-4FA0-94AD-A4C97C3DCAD2}"
EndProject
Project("{9A19103F-16F7-4668-BE54-9A1E7A4F7556}") = "rest_client", "01-getting-started\C-Sharp\rest-client\rest_client.csproj", "{3A5293F3-24B2-4DD9-9199-6FC1D674714B}"
EndProject
Project("{9A19103F-16F7-4668-BE54-9A1E7A4F7556}") = "sdk-client", "01-getting-started\C-Sharp\sdk-client\sdk-client.csproj", "{B2407F36-7247-4A79-AC40-08AA4045F879}"
EndProject
Project("{2150E333-8FDC-42A3-9474-1A3956D46DE8}") = "02-cognitive-security", "02-cognitive-security", "{71098D69-695F-4845-9ED8-1C8EF7EB5B32}"
EndProject
Project("{2150E333-8FDC-42A3-9474-1A3956D46DE8}") = "C-Sharp", "C-Sharp", "{AA1174F1-40D0-4E87-8898-63942C8B4569}"
EndProject
Project("{9A19103F-16F7-4668-BE54-9A1E7A4F7556}") = "keyvault_client", "02-cognitive-security\C-Sharp\keyvault_client\keyvault_client.csproj", "{2EB81A5D-5288-48CC-940B-92CAAAD10806}"
EndProject
Project("{2150E333-8FDC-42A3-9474-1A3956D46DE8}") = "05-analyze-text", "05-analyze-text", "{47505EFD-F3F8-4A53-945A-51E55BA4C77C}"
EndProject
Project("{2150E333-8FDC-42A3-9474-1A3956D46DE8}") = "C-Sharp", "C-Sharp", "{71EC56E5-8B90-4FC0-98D2-A5BE85326FF2}"
EndProject
Project("{9A19103F-16F7-4668-BE54-9A1E7A4F7556}") = "text-analysis", "05-analyze-text\C-Sharp\text-analysis\text-analysis.csproj", "{85BE2475-A862-4251-BAD2-0534EE8A8902}"
EndProject
Project("{2150E333-8FDC-42A3-9474-1A3956D46DE8}") = "06-translate-text", "06-translate-text", "{55CDD50E-C43F-4759-97EF-3CC6E3BDAE42}"
EndProject
Project("{2150E333-8FDC-42A3-9474-1A3956D46DE8}") = "C-Sharp", "C-Sharp", "{59E35441-40E9-4C32-976E-C7019C750514}"
EndProject
Project("{9A19103F-16F7-4668-BE54-9A1E7A4F7556}") = "translate_text", "06-translate-text\C-Sharp\text-translation\translate_text.csproj", "{20A82118-F992-412C-9EDB-62F8C48F415C}"
EndProject
Project("{2150E333-8FDC-42A3-9474-1A3956D46DE8}") = "07-speech", "07-speech", "{7E58DF6F-D01D-408C-B091-1C2E1E033548}"
EndProject
Project("{2150E333-8FDC-42A3-9474-1A3956D46DE8}") = "C-Sharp", "C-Sharp", "{418F58FD-E825-4AFD-A793-985E90414B85}"
EndProject
Project("{9A19103F-16F7-4668-BE54-9A1E7A4F7556}") = "speaking-clock", "07-speech\C-Sharp\speaking-clock\speaking-clock.csproj", "{CF598BF9-CBB1-4E47-98FF-398C6783656F}"
EndProject
Project("{2150E333-8FDC-42A3-9474-1A3956D46DE8}") = "08-speech-translation", "08-speech-translation", "{35B7CE6F-BBCC-4849-A2B4-35E4A5058E6E}"
EndProject
Project("{2150E333-8FDC-42A3-9474-1A3956D46DE8}") = "C-Sharp", "C-Sharp", "{E8AE0023-AE5F-492C-A6BF-734EDB381700}"
EndProject
Project("{9A19103F-16F7-4668-BE54-9A1E7A4F7556}") = "translator", "08-speech-translation\C-Sharp\translator\translator.csproj", "{B36469C1-2917-457D-8B62-3AF3DBFF844E}"
EndProject
Project("{2150E333-8FDC-42A3-9474-1A3956D46DE8}") = "10-luis-client", "10-luis-client", "{214306FB-C8E8-48EA-BC2D-377653EF4005}"
EndProject
Project("{2150E333-8FDC-42A3-9474-1A3956D46DE8}") = "C-Sharp", "C-Sharp", "{44FD298A-4B73-42D3-B096-EBC7E2FB9324}"
EndProject
Project("{9A19103F-16F7-4668-BE54-9A1E7A4F7556}") = "clock_client", "10-luis-client\C-Sharp\clock-client\clock_client.csproj", "{A99DC010-00A2-4F60-A376-860609574D6E}"
EndProject
Project("{2150E333-8FDC-42A3-9474-1A3956D46DE8}") = "10b-clu-client-(preview)", "10b-clu-client-(preview)", "{DB03F4AE-3E2E-4921-9B7E-E1652833C990}"
EndProject
Project("{2150E333-8FDC-42A3-9474-1A3956D46DE8}") = "C-Sharp", "C-Sharp", "{93FF4E4C-3169-45F0-BCF4-1D5E1AB1E6F1}"
EndProject
Project("{9A19103F-16F7-4668-BE54-9A1E7A4F7556}") = "clock_client", "10b-clu-client-(preview)\C-Sharp\clock-client\clock_client.csproj", "{DE0EA057-EFB3-4EA8-A781-9174A594F44B}"
EndProject
Project("{2150E333-8FDC-42A3-9474-1A3956D46DE8}") = "11-luis-speech", "11-luis-speech", "{D18D34B6-5A17-4A5E-957C-CB9B5E99D3A7}"
EndProject
Project("{2150E333-8FDC-42A3-9474-1A3956D46DE8}") = "C-Sharp", "C-Sharp", "{0188199F-0A90-4108-9834-EB34D2BFA150}"
EndProject
Project("{9A19103F-16F7-4668-BE54-9A1E7A4F7556}") = "speaking_clock_client", "11-luis-speech\C-Sharp\speaking-clock-client\speaking_clock_client.csproj", "{1A0AA4A6-7522-4072-852C-DF789F9B1984}"
EndProject
Project("{2150E333-8FDC-42A3-9474-1A3956D46DE8}") = "15-computer-vision", "15-computer-vision", "{B16FFBCC-C88D-4C45-A7D7-6AF74E750505}"
EndProject
Project("{2150E333-8FDC-42A3-9474-1A3956D46DE8}") = "C-Sharp", "C-Sharp", "{2F995819-51EF-4CE7-9A11-77302857A8AF}"
EndProject
Project("{9A19103F-16F7-4668-BE54-9A1E7A4F7556}") = "image-analysis", "15-computer-vision\C-Sharp\image-analysis\image-analysis.csproj", "{5B4CBB8A-BD19-451E-8EB4-807259C66393}"
EndProject
Project("{2150E333-8FDC-42A3-9474-1A3956D46DE8}") = "17-image-classification", "17-image-classification", "{84839AEA-7490-4912-93B9-6CF64669BBD8}"
EndProject
Project("{2150E333-8FDC-42A3-9474-1A3956D46DE8}") = "C-Sharp", "C-Sharp", "{E315499E-77E6-43C7-AD67-84D7191A0532}"
EndProject
Project("{9A19103F-16F7-4668-BE54-9A1E7A4F7556}") = "test-classifier", "17-image-classification\C-Sharp\test-classifier\test-classifier.csproj", "{367441B1-3993-47F3-99AA-EB05E4A93581}"
EndProject
Project("{9A19103F-16F7-4668-BE54-9A1E7A4F7556}") = "train-classifier", "17-image-classification\C-Sharp\train-classifier\train-classifier.csproj", "{99B39D63-8162-457B-9122-BCB4ACB10EC7}"
EndProject
Project("{2150E333-8FDC-42A3-9474-1A3956D46DE8}") = "18-object-detection", "18-object-detection", "{F1FB8F46-E269-4D17-8F7D-17D42765C9F6}"
EndProject
Project("{2150E333-8FDC-42A3-9474-1A3956D46DE8}") = "C-Sharp", "C-Sharp", "{01DBFF98-DBC6-4B88-BF1E-B42969F0CD14}"
EndProject
Project("{9A19103F-16F7-4668-BE54-9A1E7A4F7556}") = "test-detector", "18-object-detection\C-Sharp\test-detector\test-detector.csproj", "{B16E83A1-E036-42C0-90C6-F24B2C446B01}"
EndProject
Project("{9A19103F-16F7-4668-BE54-9A1E7A4F7556}") = "train-detector", "18-object-detection\C-Sharp\train-detector\train-detector.csproj", "{A9904D40-276F-4C40-B678-0075349FED48}"
EndProject
Project("{2150E333-8FDC-42A3-9474-1A3956D46DE8}") = "19-face", "19-face", "{8E418BE9-2B66-4DBD-B84A-28B2374A4137}"
EndProject
Project("{2150E333-8FDC-42A3-9474-1A3956D46DE8}") = "C-Sharp", "C-Sharp", "{1C52FA38-D4D3-43C6-B192-536383544121}"
EndProject
Project("{9A19103F-16F7-4668-BE54-9A1E7A4F7556}") = "detect-faces", "19-face\C-Sharp\computer-vision\detect-faces.csproj", "{DFB1E75B-F5C8-40FE-857C-9FB7039E0600}"
EndProject
Project("{9A19103F-16F7-4668-BE54-9A1E7A4F7556}") = "analyze-faces", "19-face\C-Sharp\face-api\analyze-faces.csproj", "{C05E7FD9-0EB5-474D-AF83-F82165F37923}"
EndProject
Project("{2150E333-8FDC-42A3-9474-1A3956D46DE8}") = "20-ocr", "20-ocr", "{6BCDE80C-3FCD-4315-94E0-A5D2B27A7C50}"
EndProject
Project("{2150E333-8FDC-42A3-9474-1A3956D46DE8}") = "C-Sharp", "C-Sharp", "{066DBB0C-B0D9-43CE-AD7E-EB465C786203}"
EndProject
Project("{9A19103F-16F7-4668-BE54-9A1E7A4F7556}") = "read-text", "20-ocr\C-Sharp\read-text\read-text.csproj", "{17CE5405-E1E5-4671-944B-6964E9824308}"
EndProject
Project("{2150E333-8FDC-42A3-9474-1A3956D46DE8}") = "21-custom-form", "21-custom-form", "{E7E578CC-1D66-4967-BBEA-5D6ADBDBE6E6}"
EndProject
Project("{2150E333-8FDC-42A3-9474-1A3956D46DE8}") = "C-Sharp", "C-Sharp", "{8D513B71-0042-49A2-BC31-97943E55E2A5}"
EndProject
Project("{9A19103F-16F7-4668-BE54-9A1E7A4F7556}") = "test-model", "21-custom-form\C-Sharp\test-model\test-model.csproj", "{4A7DF473-3F2F-4042-B5E8-4C24023F84EB}"
EndProject
Project("{9A19103F-16F7-4668-BE54-9A1E7A4F7556}") = "train-model", "21-custom-form\C-Sharp\train-model\train-model.csproj", "{B0122C6B-7765-4F56-900B-F10596AFB290}"
EndProject
Project("{2150E333-8FDC-42A3-9474-1A3956D46DE8}") = "22-Create-a-search-solution", "22-Create-a-search-solution", "{F09FFC62-6C26-488E-8987-8AB12484EB96}"
EndProject
Project("{2150E333-8FDC-42A3-9474-1A3956D46DE8}") = "C-Sharp", "C-Sharp", "{5022572C-B2DE-4DAF-AB42-3CFF6754F53C}"
EndProject
Project("{9A19103F-16F7-4668-BE54-9A1E7A4F7556}") = "search-client", "22-Create-a-search-solution\C-Sharp\margies-travel\search-client.csproj", "{D8359184-9FCA-4ACB-AB3E-BA233D2B6FFB}"
EndProject
Global
	GlobalSection(SolutionConfigurationPlatforms) = preSolution
		Debug|Any CPU = Debug|Any CPU
		Release|Any CPU = Release|Any CPU
	EndGlobalSection
	GlobalSection(ProjectConfigurationPlatforms) = postSolution
		{3A5293F3-24B2-4DD9-9199-6FC1D674714B}.Debug|Any CPU.ActiveCfg = Debug|Any CPU
		{3A5293F3-24B2-4DD9-9199-6FC1D674714B}.Debug|Any CPU.Build.0 = Debug|Any CPU
		{3A5293F3-24B2-4DD9-9199-6FC1D674714B}.Release|Any CPU.ActiveCfg = Release|Any CPU
		{3A5293F3-24B2-4DD9-9199-6FC1D674714B}.Release|Any CPU.Build.0 = Release|Any CPU
		{B2407F36-7247-4A79-AC40-08AA4045F879}.Debug|Any CPU.ActiveCfg = Debug|Any CPU
		{B2407F36-7247-4A79-AC40-08AA4045F879}.Debug|Any CPU.Build.0 = Debug|Any CPU
		{B2407F36-7247-4A79-AC40-08AA4045F879}.Release|Any CPU.ActiveCfg = Release|Any CPU
		{B2407F36-7247-4A79-AC40-08AA4045F879}.Release|Any CPU.Build.0 = Release|Any CPU
		{2EB81A5D-5288-48CC-940B-92CAAAD10806}.Debug|Any CPU.ActiveCfg = Debug|Any CPU
		{2EB81A5D-5288-48CC-940B-92CAAAD10806}.Debug|Any CPU.Build.0 = Debug|Any CPU
		{2EB81A5D-5288-48CC-940B-92CAAAD10806}.Release|Any CPU.ActiveCfg = Release|Any CPU
		{2EB81A5D-5288-48CC-940B-92CAAAD10806}.Release|Any CPU.Build.0 = Release|Any CPU
		{85BE2475-A862-4251-BAD2-0534EE8A8902}.Debug|Any CPU.ActiveCfg = Debug|Any CPU
		{85BE2475-A862-4251-BAD2-0534EE8A8902}.Debug|Any CPU.Build.0 = Debug|Any CPU
		{85BE2475-A862-4251-BAD2-0534EE8A8902}.Release|Any CPU.ActiveCfg = Release|Any CPU
		{85BE2475-A862-4251-BAD2-0534EE8A8902}.Release|Any CPU.Build.0 = Release|Any CPU
		{20A82118-F992-412C-9EDB-62F8C48F415C}.Debug|Any CPU.ActiveCfg = Debug|Any CPU
		{20A82118-F992-412C-9EDB-62F8C48F415C}.Debug|Any CPU.Build.0 = Debug|Any CPU
		{20A82118-F992-412C-9EDB-62F8C48F415C}.Release|Any CPU.ActiveCfg = Release|Any CPU
		{20A82118-F992-412C-9EDB-62F8C48F415C}.Release|Any CPU.Build.0 = Release|Any CPU
		{CF598BF9-CBB1-4E47-98FF-398C6783656F}.Debug|Any CPU.ActiveCfg = Debug|Any CPU
		{CF598BF9-CBB1-4E47-98FF-398C6783656F}.Debug|Any CPU.Build.0 = Debug|Any CPU
		{CF598BF9-CBB1-4E47-98FF-398C6783656F}.Release|Any CPU.ActiveCfg = Release|Any CPU
		{CF598BF9-CBB1-4E47-98FF-398C6783656F}.Release|Any CPU.Build.0 = Release|Any CPU
		{B36469C1-2917-457D-8B62-3AF3DBFF844E}.Debug|Any CPU.ActiveCfg = Debug|Any CPU
		{B36469C1-2917-457D-8B62-3AF3DBFF844E}.Debug|Any CPU.Build.0 = Debug|Any CPU
		{B36469C1-2917-457D-8B62-3AF3DBFF844E}.Release|Any CPU.ActiveCfg = Release|Any CPU
		{B36469C1-2917-457D-8B62-3AF3DBFF844E}.Release|Any CPU.Build.0 = Release|Any CPU
		{A99DC010-00A2-4F60-A376-860609574D6E}.Debug|Any CPU.ActiveCfg = Debug|Any CPU
		{A99DC010-00A2-4F60-A376-860609574D6E}.Debug|Any CPU.Build.0 = Debug|Any CPU
		{A99DC010-00A2-4F60-A376-860609574D6E}.Release|Any CPU.ActiveCfg = Release|Any CPU
		{A99DC010-00A2-4F60-A376-860609574D6E}.Release|Any CPU.Build.0 = Release|Any CPU
		{DE0EA057-EFB3-4EA8-A781-9174A594F44B}.Debug|Any CPU.ActiveCfg = Debug|Any CPU
		{DE0EA057-EFB3-4EA8-A781-9174A594F44B}.Debug|Any CPU.Build.0 = Debug|Any CPU
		{DE0EA057-EFB3-4EA8-A781-9174A594F44B}.Release|Any CPU.ActiveCfg = Release|Any CPU
		{DE0EA057-EFB3-4EA8-A781-9174A594F44B}.Release|Any CPU.Build.0 = Release|Any CPU
		{1A0AA4A6-7522-4072-852C-DF789F9B1984}.Debug|Any CPU.ActiveCfg = Debug|Any CPU
		{1A0AA4A6-7522-4072-852C-DF789F9B1984}.Debug|Any CPU.Build.0 = Debug|Any CPU
		{1A0AA4A6-7522-4072-852C-DF789F9B1984}.Release|Any CPU.ActiveCfg = Release|Any CPU
		{1A0AA4A6-7522-4072-852C-DF789F9B1984}.Release|Any CPU.Build.0 = Release|Any CPU
		{5B4CBB8A-BD19-451E-8EB4-807259C66393}.Debug|Any CPU.ActiveCfg = Debug|Any CPU
		{5B4CBB8A-BD19-451E-8EB4-807259C66393}.Debug|Any CPU.Build.0 = Debug|Any CPU
		{5B4CBB8A-BD19-451E-8EB4-807259C66393}.Release|Any CPU.ActiveCfg = Release|Any CPU
		{5B4CBB8A-BD19-451E-8EB4-807259C66393}.Release|Any CPU.Build.0 = Release|Any CPU
		{367441B1-3993-47F3-99AA-EB05E4A93581}.Debug|Any CPU.ActiveCfg = Debug|Any CPU
		{367441B1-3993-47F3-99AA-EB05E4A93581}.Debug|Any CPU.Build.0 = Debug|Any CPU
		{367441B1-3993-47F3-99AA-EB05E4A93581}.Release|Any CPU.ActiveCfg = Release|Any CPU
		{367441B1-3993-47F3-99AA-EB05E4A93581}.Release|Any CPU.Build.0 = Release|Any CPU
		{99B39D63-8162-457B-9122-BCB4ACB10EC7}.Debug|Any CPU.ActiveCfg = Debug|Any CPU
		{99B39D63-8162-457B-9122-BCB4ACB10EC7}.Debug|Any CPU.Build.0 = Debug|Any CPU
		{99B39D63-8162-457B-9122-BCB4ACB10EC7}.Release|Any CPU.ActiveCfg = Release|Any CPU
		{99B39D63-8162-457B-9122-BCB4ACB10EC7}.Release|Any CPU.Build.0 = Release|Any CPU
		{B16E83A1-E036-42C0-90C6-F24B2C446B01}.Debug|Any CPU.ActiveCfg = Debug|Any CPU
		{B16E83A1-E036-42C0-90C6-F24B2C446B01}.Debug|Any CPU.Build.0 = Debug|Any CPU
		{B16E83A1-E036-42C0-90C6-F24B2C446B01}.Release|Any CPU.ActiveCfg = Release|Any CPU
		{B16E83A1-E036-42C0-90C6-F24B2C446B01}.Release|Any CPU.Build.0 = Release|Any CPU
		{A9904D40-276F-4C40-B678-0075349FED48}.Debug|Any CPU.ActiveCfg = Debug|Any CPU
		{A9904D40-276F-4C40-B678-0075349FED48}.Debug|Any CPU.Build.0 = Debug|Any CPU
		{A9904D40-276F-4C40-B678-0075349FED48}.Release|Any CPU.ActiveCfg = Release|Any CPU
		{A9904D40-276F-4C40-B678-0075349FED48}.Release|Any CPU.Build.0 = Release|Any CPU
		{DFB1E75B-F5C8-40FE-857C-9FB7039E0600}.Debug|Any CPU.ActiveCfg = Debug|Any CPU
		{DFB1E75B-F5C8-40FE-857C-9FB7039E0600}.Debug|Any CPU.Build.0 = Debug|Any CPU
		{DFB1E75B-F5C8-40FE-857C-9FB7039E0600}.Release|Any CPU.ActiveCfg = Release|Any CPU
		{DFB1E75B-F5C8-40FE-857C-9FB7039E0600}.Release|Any CPU.Build.0 = Release|Any CPU
		{C05E7FD9-0EB5-474D-AF83-F82165F37923}.Debug|Any CPU.ActiveCfg = Debug|Any CPU
		{C05E7FD9-0EB5-474D-AF83-F82165F37923}.Debug|Any CPU.Build.0 = Debug|Any CPU
		{C05E7FD9-0EB5-474D-AF83-F82165F37923}.Release|Any CPU.ActiveCfg = Release|Any CPU
		{C05E7FD9-0EB5-474D-AF83-F82165F37923}.Release|Any CPU.Build.0 = Release|Any CPU
		{17CE5405-E1E5-4671-944B-6964E9824308}.Debug|Any CPU.ActiveCfg = Debug|Any CPU
		{17CE5405-E1E5-4671-944B-6964E9824308}.Debug|Any CPU.Build.0 = Debug|Any CPU
		{17CE5405-E1E5-4671-944B-6964E9824308}.Release|Any CPU.ActiveCfg = Release|Any CPU
		{17CE5405-E1E5-4671-944B-6964E9824308}.Release|Any CPU.Build.0 = Release|Any CPU
		{4A7DF473-3F2F-4042-B5E8-4C24023F84EB}.Debug|Any CPU.ActiveCfg = Debug|Any CPU
		{4A7DF473-3F2F-4042-B5E8-4C24023F84EB}.Debug|Any CPU.Build.0 = Debug|Any CPU
		{4A7DF473-3F2F-4042-B5E8-4C24023F84EB}.Release|Any CPU.ActiveCfg = Release|Any CPU
		{4A7DF473-3F2F-4042-B5E8-4C24023F84EB}.Release|Any CPU.Build.0 = Release|Any CPU
		{B0122C6B-7765-4F56-900B-F10596AFB290}.Debug|Any CPU.ActiveCfg = Debug|Any CPU
		{B0122C6B-7765-4F56-900B-F10596AFB290}.Debug|Any CPU.Build.0 = Debug|Any CPU
		{B0122C6B-7765-4F56-900B-F10596AFB290}.Release|Any CPU.ActiveCfg = Release|Any CPU
		{B0122C6B-7765-4F56-900B-F10596AFB290}.Release|Any CPU.Build.0 = Release|Any CPU
		{D8359184-9FCA-4ACB-AB3E-BA233D2B6FFB}.Debug|Any CPU.ActiveCfg = Debug|Any CPU
		{D8359184-9FCA-4ACB-AB3E-BA233D2B6FFB}.Debug|Any CPU.Build.0 = Debug|Any CPU
		{D8359184-9FCA-4ACB-AB3E-BA233D2B6FFB}.Release|Any CPU.ActiveCfg = Release|Any CPU
		{D8359184-9FCA-4ACB-AB3E-BA233D2B6FFB}.Release|Any CPU.Build.0 = Release|Any CPU
	EndGlobalSection
	GlobalSection(SolutionProperties) = preSolution
		HideSolutionNode = FALSE
	EndGlobalSection
	GlobalSection(NestedProjects) = preSolution
		{82466276-844B-4FA0-94AD-A4C97C3DCAD2} = {FCE1DEAF-C071-4F5A-8A14-B6092A5DC577}
		{3A5293F3-24B2-4DD9-9199-6FC1D674714B} = {82466276-844B-4FA0-94AD-A4C97C3DCAD2}
		{B2407F36-7247-4A79-AC40-08AA4045F879} = {82466276-844B-4FA0-94AD-A4C97C3DCAD2}
		{AA1174F1-40D0-4E87-8898-63942C8B4569} = {71098D69-695F-4845-9ED8-1C8EF7EB5B32}
		{2EB81A5D-5288-48CC-940B-92CAAAD10806} = {AA1174F1-40D0-4E87-8898-63942C8B4569}
		{71EC56E5-8B90-4FC0-98D2-A5BE85326FF2} = {47505EFD-F3F8-4A53-945A-51E55BA4C77C}
		{85BE2475-A862-4251-BAD2-0534EE8A8902} = {71EC56E5-8B90-4FC0-98D2-A5BE85326FF2}
		{59E35441-40E9-4C32-976E-C7019C750514} = {55CDD50E-C43F-4759-97EF-3CC6E3BDAE42}
		{20A82118-F992-412C-9EDB-62F8C48F415C} = {59E35441-40E9-4C32-976E-C7019C750514}
		{418F58FD-E825-4AFD-A793-985E90414B85} = {7E58DF6F-D01D-408C-B091-1C2E1E033548}
		{CF598BF9-CBB1-4E47-98FF-398C6783656F} = {418F58FD-E825-4AFD-A793-985E90414B85}
		{E8AE0023-AE5F-492C-A6BF-734EDB381700} = {35B7CE6F-BBCC-4849-A2B4-35E4A5058E6E}
		{B36469C1-2917-457D-8B62-3AF3DBFF844E} = {E8AE0023-AE5F-492C-A6BF-734EDB381700}
		{44FD298A-4B73-42D3-B096-EBC7E2FB9324} = {214306FB-C8E8-48EA-BC2D-377653EF4005}
		{A99DC010-00A2-4F60-A376-860609574D6E} = {44FD298A-4B73-42D3-B096-EBC7E2FB9324}
		{93FF4E4C-3169-45F0-BCF4-1D5E1AB1E6F1} = {DB03F4AE-3E2E-4921-9B7E-E1652833C990}
		{DE0EA057-EFB3-4EA8-A781-9174A594F44B} = {93FF4E4C-3169-45F0-BCF4-1D5E1AB1E6F1}
		{0188199F-0A90-4108-9834-EB34D2BFA150} = {D18D34B6-5A17-4A5E-957C-CB9B5E99D3A7}
		{1A0AA4A6-7522-4072-852C-DF789F9B1984} = {0188199F-0A90-4108-9834-EB34D2BFA150}
		{2F995819-51EF-4CE7-9A11-77302857A8AF} = {B16FFBCC-C88D-4C45-A7D7-6AF74E750505}
		{5B4CBB8A-BD19-451E-8EB4-807259C66393} = {2F995819-51EF-4CE7-9A11-77302857A8AF}
		{E315499E-77E6-43C7-AD67-84D7191A0532} = {84839AEA-7490-4912-93B9-6CF64669BBD8}
		{367441B1-3993-47F3-99AA-EB05E4A93581} = {E315499E-77E6-43C7-AD67-84D7191A0532}
		{99B39D63-8162-457B-9122-BCB4ACB10EC7} = {E315499E-77E6-43C7-AD67-84D7191A0532}
		{01DBFF98-DBC6-4B88-BF1E-B42969F0CD14} = {F1FB8F46-E269-4D17-8F7D-17D42765C9F6}
		{B16E83A1-E036-42C0-90C6-F24B2C446B01} = {01DBFF98-DBC6-4B88-BF1E-B42969F0CD14}
		{A9904D40-276F-4C40-B678-0075349FED48} = {01DBFF98-DBC6-4B88-BF1E-B42969F0CD14}
		{1C52FA38-D4D3-43C6-B192-536383544121} = {8E418BE9-2B66-4DBD-B84A-28B2374A4137}
		{DFB1E75B-F5C8-40FE-857C-9FB7039E0600} = {1C52FA38-D4D3-43C6-B192-536383544121}
		{C05E7FD9-0EB5-474D-AF83-F82165F37923} = {1C52FA38-D4D3-43C6-B192-536383544121}
		{066DBB0C-B0D9-43CE-AD7E-EB465C786203} = {6BCDE80C-3FCD-4315-94E0-A5D2B27A7C50}
		{17CE5405-E1E5-4671-944B-6964E9824308} = {066DBB0C-B0D9-43CE-AD7E-EB465C786203}
		{8D513B71-0042-49A2-BC31-97943E55E2A5} = {E7E578CC-1D66-4967-BBEA-5D6ADBDBE6E6}
		{4A7DF473-3F2F-4042-B5E8-4C24023F84EB} = {8D513B71-0042-49A2-BC31-97943E55E2A5}
		{B0122C6B-7765-4F56-900B-F10596AFB290} = {8D513B71-0042-49A2-BC31-97943E55E2A5}
		{5022572C-B2DE-4DAF-AB42-3CFF6754F53C} = {F09FFC62-6C26-488E-8987-8AB12484EB96}
		{D8359184-9FCA-4ACB-AB3E-BA233D2B6FFB} = {5022572C-B2DE-4DAF-AB42-3CFF6754F53C}
	EndGlobalSection
	GlobalSection(ExtensibilityGlobals) = postSolution
		SolutionGuid = {33F42D4C-B06B-472F-88E5-D79D0DB70E80}
	EndGlobalSection
EndGlobal
